
Microsoft Visual Studio Solution File, Format Version 12.00
# Visual Studio Version 17
VisualStudioVersion = 17.3.32825.248
MinimumVisualStudioVersion = 10.0.40219.1
Project("{8BC9CEB8-8B4A-11D0-8D11-00A0C91BC942}") = "Laba06(example)", "Laba06\Laba06.vcxproj", "{4A866F22-26FA-484C-BF64-F70E0D282C5B}"
EndProject
Project("{8BC9CEB8-8B4A-11D0-8D11-00A0C91BC942}") = "Laba06(10_for)", "Laba06(10)\Laba06(10).vcxproj", "{BD6B4849-59E0-4630-8AAB-80B280A5B80D}"
EndProject
Project("{8BC9CEB8-8B4A-11D0-8D11-00A0C91BC942}") = "Laba06(10_while)", "Laba06(10_while)\Laba06(10_while).vcxproj", "{298DC6D0-E6A3-4C8B-8154-B6E4C292FECC}"
EndProject
Project("{8BC9CEB8-8B4A-11D0-8D11-00A0C91BC942}") = "Laba06(10_nested loop)", "Laba06(10_nested loop)\Laba06(10_nested loop).vcxproj", "{D16BA651-17D8-44E0-97E8-7D220CDAA213}"
EndProject
Project("{8BC9CEB8-8B4A-11D0-8D11-00A0C91BC942}") = "Laba06(9_FOR)", "Laba06(9_FOR)\Laba06(9_FOR).vcxproj", "{8DA41982-ADA2-437A-B165-52DAF01CDA85}"
EndProject
Project("{8BC9CEB8-8B4A-11D0-8D11-00A0C91BC942}") = "Laba06(9_WHILE)", "Laba06(9_WHILE)\Laba06(9_WHILE).vcxproj", "{203D8DCE-D4EB-403C-877C-EB3CEE29E754}"
EndProject
Project("{8BC9CEB8-8B4A-11D0-8D11-00A0C91BC942}") = "Laba06(9_NESTED LOOP)", "Laba06(9_NESTED LOOP)\Laba06(9_NESTED LOOP).vcxproj", "{A9BDC601-E331-435C-BC1C-0556EE01C87F}"
EndProject
Project("{8BC9CEB8-8B4A-11D0-8D11-00A0C91BC942}") = "Laba06(5_FOR)", "Laba06(5_FOR)\Laba06(5_FOR).vcxproj", "{0A386295-0B4A-431F-B49F-CD04B966CC93}"
EndProject
Project("{8BC9CEB8-8B4A-11D0-8D11-00A0C91BC942}") = "Laba06(5_WHILE)", "Laba06(5_WHILE)\Laba06(5_WHILE).vcxproj", "{218F541A-511A-40C5-8A59-77D26351BDC1}"
EndProject
Project("{8BC9CEB8-8B4A-11D0-8D11-00A0C91BC942}") = "Laba06(5_NESTED LOOP)", "Laba06(5_NESTED LOOP)\Laba06(5_NESTED LOOP).vcxproj", "{F1F21C76-F5ED-469E-B9A2-B1D55B7C062D}"
EndProject
Project("{8BC9CEB8-8B4A-11D0-8D11-00A0C91BC942}") = "Laba06(2_FOR)", "Laba06(2_FOR)\Laba06(2_FOR).vcxproj", "{12BE5AE8-1160-45D8-B581-58ACB5009647}"
EndProject
Project("{8BC9CEB8-8B4A-11D0-8D11-00A0C91BC942}") = "Laba06(2_WHILE)", "Laba06(2_WHILE)\Laba06(2_WHILE).vcxproj", "{D094EE97-908D-4D0B-8969-A7CEEA7956A4}"
EndProject
Project("{8BC9CEB8-8B4A-11D0-8D11-00A0C91BC942}") = "Laba06(2_NESTED LOOP)", "Laba06(2_NESTED LOOP)\Laba06(2_NESTED LOOP).vcxproj", "{2514A025-90D9-4C3B-AD3E-12A55D5A9562}"
EndProject
Project("{8BC9CEB8-8B4A-11D0-8D11-00A0C91BC942}") = "Laba06(dop_1)", "Laba06(dop_1)\Laba06(dop_1).vcxproj", "{910F2544-56DC-4384-8130-4D2A3AAA695C}"
EndProject
Project("{8BC9CEB8-8B4A-11D0-8D11-00A0C91BC942}") = "Laba06(dop_2)", "Laba06(dop_2)\Laba06(dop_2).vcxproj", "{1E59CCFF-C627-4DFD-8541-6433510801BF}"
EndProject
Project("{8BC9CEB8-8B4A-11D0-8D11-00A0C91BC942}") = "Laba06(dop_3)", "Laba06(dop_3)\Laba06(dop_3).vcxproj", "{42B93610-5EDF-4FAE-BDA5-FF08C0094D61}"
EndProject
Global
	GlobalSection(SolutionConfigurationPlatforms) = preSolution
		Debug|x64 = Debug|x64
		Debug|x86 = Debug|x86
		Release|x64 = Release|x64
		Release|x86 = Release|x86
	EndGlobalSection
	GlobalSection(ProjectConfigurationPlatforms) = postSolution
		{4A866F22-26FA-484C-BF64-F70E0D282C5B}.Debug|x64.ActiveCfg = Debug|x64
		{4A866F22-26FA-484C-BF64-F70E0D282C5B}.Debug|x64.Build.0 = Debug|x64
		{4A866F22-26FA-484C-BF64-F70E0D282C5B}.Debug|x86.ActiveCfg = Debug|Win32
		{4A866F22-26FA-484C-BF64-F70E0D282C5B}.Debug|x86.Build.0 = Debug|Win32
		{4A866F22-26FA-484C-BF64-F70E0D282C5B}.Release|x64.ActiveCfg = Release|x64
		{4A866F22-26FA-484C-BF64-F70E0D282C5B}.Release|x64.Build.0 = Release|x64
		{4A866F22-26FA-484C-BF64-F70E0D282C5B}.Release|x86.ActiveCfg = Release|Win32
		{4A866F22-26FA-484C-BF64-F70E0D282C5B}.Release|x86.Build.0 = Release|Win32
		{BD6B4849-59E0-4630-8AAB-80B280A5B80D}.Debug|x64.ActiveCfg = Debug|x64
		{BD6B4849-59E0-4630-8AAB-80B280A5B80D}.Debug|x64.Build.0 = Debug|x64
		{BD6B4849-59E0-4630-8AAB-80B280A5B80D}.Debug|x86.ActiveCfg = Debug|Win32
		{BD6B4849-59E0-4630-8AAB-80B280A5B80D}.Debug|x86.Build.0 = Debug|Win32
		{BD6B4849-59E0-4630-8AAB-80B280A5B80D}.Release|x64.ActiveCfg = Release|x64
		{BD6B4849-59E0-4630-8AAB-80B280A5B80D}.Release|x64.Build.0 = Release|x64
		{BD6B4849-59E0-4630-8AAB-80B280A5B80D}.Release|x86.ActiveCfg = Release|Win32
		{BD6B4849-59E0-4630-8AAB-80B280A5B80D}.Release|x86.Build.0 = Release|Win32
		{298DC6D0-E6A3-4C8B-8154-B6E4C292FECC}.Debug|x64.ActiveCfg = Debug|x64
		{298DC6D0-E6A3-4C8B-8154-B6E4C292FECC}.Debug|x64.Build.0 = Debug|x64
		{298DC6D0-E6A3-4C8B-8154-B6E4C292FECC}.Debug|x86.ActiveCfg = Debug|Win32
		{298DC6D0-E6A3-4C8B-8154-B6E4C292FECC}.Debug|x86.Build.0 = Debug|Win32
		{298DC6D0-E6A3-4C8B-8154-B6E4C292FECC}.Release|x64.ActiveCfg = Release|x64
		{298DC6D0-E6A3-4C8B-8154-B6E4C292FECC}.Release|x64.Build.0 = Release|x64
		{298DC6D0-E6A3-4C8B-8154-B6E4C292FECC}.Release|x86.ActiveCfg = Release|Win32
		{298DC6D0-E6A3-4C8B-8154-B6E4C292FECC}.Release|x86.Build.0 = Release|Win32
		{D16BA651-17D8-44E0-97E8-7D220CDAA213}.Debug|x64.ActiveCfg = Debug|x64
		{D16BA651-17D8-44E0-97E8-7D220CDAA213}.Debug|x64.Build.0 = Debug|x64
		{D16BA651-17D8-44E0-97E8-7D220CDAA213}.Debug|x86.ActiveCfg = Debug|Win32
		{D16BA651-17D8-44E0-97E8-7D220CDAA213}.Debug|x86.Build.0 = Debug|Win32
		{D16BA651-17D8-44E0-97E8-7D220CDAA213}.Release|x64.ActiveCfg = Release|x64
		{D16BA651-17D8-44E0-97E8-7D220CDAA213}.Release|x64.Build.0 = Release|x64
		{D16BA651-17D8-44E0-97E8-7D220CDAA213}.Release|x86.ActiveCfg = Release|Win32
		{D16BA651-17D8-44E0-97E8-7D220CDAA213}.Release|x86.Build.0 = Release|Win32
		{8DA41982-ADA2-437A-B165-52DAF01CDA85}.Debug|x64.ActiveCfg = Debug|x64
		{8DA41982-ADA2-437A-B165-52DAF01CDA85}.Debug|x64.Build.0 = Debug|x64
		{8DA41982-ADA2-437A-B165-52DAF01CDA85}.Debug|x86.ActiveCfg = Debug|Win32
		{8DA41982-ADA2-437A-B165-52DAF01CDA85}.Debug|x86.Build.0 = Debug|Win32
		{8DA41982-ADA2-437A-B165-52DAF01CDA85}.Release|x64.ActiveCfg = Release|x64
		{8DA41982-ADA2-437A-B165-52DAF01CDA85}.Release|x64.Build.0 = Release|x64
		{8DA41982-ADA2-437A-B165-52DAF01CDA85}.Release|x86.ActiveCfg = Release|Win32
		{8DA41982-ADA2-437A-B165-52DAF01CDA85}.Release|x86.Build.0 = Release|Win32
		{203D8DCE-D4EB-403C-877C-EB3CEE29E754}.Debug|x64.ActiveCfg = Debug|x64
		{203D8DCE-D4EB-403C-877C-EB3CEE29E754}.Debug|x64.Build.0 = Debug|x64
		{203D8DCE-D4EB-403C-877C-EB3CEE29E754}.Debug|x86.ActiveCfg = Debug|Win32
		{203D8DCE-D4EB-403C-877C-EB3CEE29E754}.Debug|x86.Build.0 = Debug|Win32
		{203D8DCE-D4EB-403C-877C-EB3CEE29E754}.Release|x64.ActiveCfg = Release|x64
		{203D8DCE-D4EB-403C-877C-EB3CEE29E754}.Release|x64.Build.0 = Release|x64
		{203D8DCE-D4EB-403C-877C-EB3CEE29E754}.Release|x86.ActiveCfg = Release|Win32
		{203D8DCE-D4EB-403C-877C-EB3CEE29E754}.Release|x86.Build.0 = Release|Win32
		{A9BDC601-E331-435C-BC1C-0556EE01C87F}.Debug|x64.ActiveCfg = Debug|x64
		{A9BDC601-E331-435C-BC1C-0556EE01C87F}.Debug|x64.Build.0 = Debug|x64
		{A9BDC601-E331-435C-BC1C-0556EE01C87F}.Debug|x86.ActiveCfg = Debug|Win32
		{A9BDC601-E331-435C-BC1C-0556EE01C87F}.Debug|x86.Build.0 = Debug|Win32
		{A9BDC601-E331-435C-BC1C-0556EE01C87F}.Release|x64.ActiveCfg = Release|x64
		{A9BDC601-E331-435C-BC1C-0556EE01C87F}.Release|x64.Build.0 = Release|x64
		{A9BDC601-E331-435C-BC1C-0556EE01C87F}.Release|x86.ActiveCfg = Release|Win32
		{A9BDC601-E331-435C-BC1C-0556EE01C87F}.Release|x86.Build.0 = Release|Win32
		{0A386295-0B4A-431F-B49F-CD04B966CC93}.Debug|x64.ActiveCfg = Debug|x64
		{0A386295-0B4A-431F-B49F-CD04B966CC93}.Debug|x64.Build.0 = Debug|x64
		{0A386295-0B4A-431F-B49F-CD04B966CC93}.Debug|x86.ActiveCfg = Debug|Win32
		{0A386295-0B4A-431F-B49F-CD04B966CC93}.Debug|x86.Build.0 = Debug|Win32
		{0A386295-0B4A-431F-B49F-CD04B966CC93}.Release|x64.ActiveCfg = Release|x64
		{0A386295-0B4A-431F-B49F-CD04B966CC93}.Release|x64.Build.0 = Release|x64
		{0A386295-0B4A-431F-B49F-CD04B966CC93}.Release|x86.ActiveCfg = Release|Win32
		{0A386295-0B4A-431F-B49F-CD04B966CC93}.Release|x86.Build.0 = Release|Win32
		{218F541A-511A-40C5-8A59-77D26351BDC1}.Debug|x64.ActiveCfg = Debug|x64
		{218F541A-511A-40C5-8A59-77D26351BDC1}.Debug|x64.Build.0 = Debug|x64
		{218F541A-511A-40C5-8A59-77D26351BDC1}.Debug|x86.ActiveCfg = Debug|Win32
		{218F541A-511A-40C5-8A59-77D26351BDC1}.Debug|x86.Build.0 = Debug|Win32
		{218F541A-511A-40C5-8A59-77D26351BDC1}.Release|x64.ActiveCfg = Release|x64
		{218F541A-511A-40C5-8A59-77D26351BDC1}.Release|x64.Build.0 = Release|x64
		{218F541A-511A-40C5-8A59-77D26351BDC1}.Release|x86.ActiveCfg = Release|Win32
		{218F541A-511A-40C5-8A59-77D26351BDC1}.Release|x86.Build.0 = Release|Win32
		{F1F21C76-F5ED-469E-B9A2-B1D55B7C062D}.Debug|x64.ActiveCfg = Debug|x64
		{F1F21C76-F5ED-469E-B9A2-B1D55B7C062D}.Debug|x64.Build.0 = Debug|x64
		{F1F21C76-F5ED-469E-B9A2-B1D55B7C062D}.Debug|x86.ActiveCfg = Debug|Win32
		{F1F21C76-F5ED-469E-B9A2-B1D55B7C062D}.Debug|x86.Build.0 = Debug|Win32
		{F1F21C76-F5ED-469E-B9A2-B1D55B7C062D}.Release|x64.ActiveCfg = Release|x64
		{F1F21C76-F5ED-469E-B9A2-B1D55B7C062D}.Release|x64.Build.0 = Release|x64
		{F1F21C76-F5ED-469E-B9A2-B1D55B7C062D}.Release|x86.ActiveCfg = Release|Win32
		{F1F21C76-F5ED-469E-B9A2-B1D55B7C062D}.Release|x86.Build.0 = Release|Win32
		{12BE5AE8-1160-45D8-B581-58ACB5009647}.Debug|x64.ActiveCfg = Debug|x64
		{12BE5AE8-1160-45D8-B581-58ACB5009647}.Debug|x64.Build.0 = Debug|x64
		{12BE5AE8-1160-45D8-B581-58ACB5009647}.Debug|x86.ActiveCfg = Debug|Win32
		{12BE5AE8-1160-45D8-B581-58ACB5009647}.Debug|x86.Build.0 = Debug|Win32
		{12BE5AE8-1160-45D8-B581-58ACB5009647}.Release|x64.ActiveCfg = Release|x64
		{12BE5AE8-1160-45D8-B581-58ACB5009647}.Release|x64.Build.0 = Release|x64
		{12BE5AE8-1160-45D8-B581-58ACB5009647}.Release|x86.ActiveCfg = Release|Win32
		{12BE5AE8-1160-45D8-B581-58ACB5009647}.Release|x86.Build.0 = Release|Win32
		{D094EE97-908D-4D0B-8969-A7CEEA7956A4}.Debug|x64.ActiveCfg = Debug|x64
		{D094EE97-908D-4D0B-8969-A7CEEA7956A4}.Debug|x64.Build.0 = Debug|x64
		{D094EE97-908D-4D0B-8969-A7CEEA7956A4}.Debug|x86.ActiveCfg = Debug|Win32
		{D094EE97-908D-4D0B-8969-A7CEEA7956A4}.Debug|x86.Build.0 = Debug|Win32
		{D094EE97-908D-4D0B-8969-A7CEEA7956A4}.Release|x64.ActiveCfg = Release|x64
		{D094EE97-908D-4D0B-8969-A7CEEA7956A4}.Release|x64.Build.0 = Release|x64
		{D094EE97-908D-4D0B-8969-A7CEEA7956A4}.Release|x86.ActiveCfg = Release|Win32
		{D094EE97-908D-4D0B-8969-A7CEEA7956A4}.Release|x86.Build.0 = Release|Win32
		{2514A025-90D9-4C3B-AD3E-12A55D5A9562}.Debug|x64.ActiveCfg = Debug|x64
		{2514A025-90D9-4C3B-AD3E-12A55D5A9562}.Debug|x64.Build.0 = Debug|x64
		{2514A025-90D9-4C3B-AD3E-12A55D5A9562}.Debug|x86.ActiveCfg = Debug|Win32
		{2514A025-90D9-4C3B-AD3E-12A55D5A9562}.Debug|x86.Build.0 = Debug|Win32
		{2514A025-90D9-4C3B-AD3E-12A55D5A9562}.Release|x64.ActiveCfg = Release|x64
		{2514A025-90D9-4C3B-AD3E-12A55D5A9562}.Release|x64.Build.0 = Release|x64
		{2514A025-90D9-4C3B-AD3E-12A55D5A9562}.Release|x86.ActiveCfg = Release|Win32
		{2514A025-90D9-4C3B-AD3E-12A55D5A9562}.Release|x86.Build.0 = Release|Win32
		{910F2544-56DC-4384-8130-4D2A3AAA695C}.Debug|x64.ActiveCfg = Debug|x64
		{910F2544-56DC-4384-8130-4D2A3AAA695C}.Debug|x64.Build.0 = Debug|x64
		{910F2544-56DC-4384-8130-4D2A3AAA695C}.Debug|x86.ActiveCfg = Debug|Win32
		{910F2544-56DC-4384-8130-4D2A3AAA695C}.Debug|x86.Build.0 = Debug|Win32
		{910F2544-56DC-4384-8130-4D2A3AAA695C}.Release|x64.ActiveCfg = Release|x64
		{910F2544-56DC-4384-8130-4D2A3AAA695C}.Release|x64.Build.0 = Release|x64
		{910F2544-56DC-4384-8130-4D2A3AAA695C}.Release|x86.ActiveCfg = Release|Win32
		{910F2544-56DC-4384-8130-4D2A3AAA695C}.Release|x86.Build.0 = Release|Win32
		{1E59CCFF-C627-4DFD-8541-6433510801BF}.Debug|x64.ActiveCfg = Debug|x64
		{1E59CCFF-C627-4DFD-8541-6433510801BF}.Debug|x64.Build.0 = Debug|x64
		{1E59CCFF-C627-4DFD-8541-6433510801BF}.Debug|x86.ActiveCfg = Debug|Win32
		{1E59CCFF-C627-4DFD-8541-6433510801BF}.Debug|x86.Build.0 = Debug|Win32
		{1E59CCFF-C627-4DFD-8541-6433510801BF}.Release|x64.ActiveCfg = Release|x64
		{1E59CCFF-C627-4DFD-8541-6433510801BF}.Release|x64.Build.0 = Release|x64
		{1E59CCFF-C627-4DFD-8541-6433510801BF}.Release|x86.ActiveCfg = Release|Win32
		{1E59CCFF-C627-4DFD-8541-6433510801BF}.Release|x86.Build.0 = Release|Win32
		{42B93610-5EDF-4FAE-BDA5-FF08C0094D61}.Debug|x64.ActiveCfg = Debug|x64
		{42B93610-5EDF-4FAE-BDA5-FF08C0094D61}.Debug|x64.Build.0 = Debug|x64
		{42B93610-5EDF-4FAE-BDA5-FF08C0094D61}.Debug|x86.ActiveCfg = Debug|Win32
		{42B93610-5EDF-4FAE-BDA5-FF08C0094D61}.Debug|x86.Build.0 = Debug|Win32
		{42B93610-5EDF-4FAE-BDA5-FF08C0094D61}.Release|x64.ActiveCfg = Release|x64
		{42B93610-5EDF-4FAE-BDA5-FF08C0094D61}.Release|x64.Build.0 = Release|x64
		{42B93610-5EDF-4FAE-BDA5-FF08C0094D61}.Release|x86.ActiveCfg = Release|Win32
		{42B93610-5EDF-4FAE-BDA5-FF08C0094D61}.Release|x86.Build.0 = Release|Win32
	EndGlobalSection
	GlobalSection(SolutionProperties) = preSolution
		HideSolutionNode = FALSE
	EndGlobalSection
	GlobalSection(ExtensibilityGlobals) = postSolution
		SolutionGuid = {3314F662-CF8B-4683-9C71-3699BE79DE08}
	EndGlobalSection
EndGlobal
