
Microsoft Visual Studio Solution File, Format Version 12.00
# Visual Studio Version 17
VisualStudioVersion = 17.3.32929.385
MinimumVisualStudioVersion = 10.0.40219.1
Project("{8BC9CEB8-8B4A-11D0-8D11-00A0C91BC942}") = "Example", "Lab13\Lab13.vcxproj", "{2BA29C47-64F4-436C-A442-430CF0DDE93C}"
EndProject
Project("{8BC9CEB8-8B4A-11D0-8D11-00A0C91BC942}") = "Lab13_10_1", "Lab13_10_1\Lab13_10_1.vcxproj", "{80C9D465-5DF3-478D-851D-4DB403E48AFE}"
EndProject
Project("{8BC9CEB8-8B4A-11D0-8D11-00A0C91BC942}") = "Lab13_10_2", "Lab13_10_2\Lab13_10_2.vcxproj", "{7E035DBC-5827-447E-B479-4FAE77346B6E}"
EndProject
Project("{8BC9CEB8-8B4A-11D0-8D11-00A0C91BC942}") = "Lab13_dop4", "Lab13_dop1\Lab13_dop1.vcxproj", "{5E285A83-A51B-4B42-9CFF-1ABA13BA6FAF}"
EndProject
Project("{8BC9CEB8-8B4A-11D0-8D11-00A0C91BC942}") = "Lab13_dop2", "Lab13_dop2\Lab13_dop2.vcxproj", "{4C89869E-0E1E-4D03-B7CA-A331FD06E3A1}"
EndProject
Project("{8BC9CEB8-8B4A-11D0-8D11-00A0C91BC942}") = "Lab13_dop1", "Lab13_dop5\Lab13_dop5.vcxproj", "{6EE2BD8C-37D1-4804-876C-4E4DB7EB1DBC}"
EndProject
Project("{8BC9CEB8-8B4A-11D0-8D11-00A0C91BC942}") = "Lab13_11_1", "Lab13_11_1\Lab13_11_1.vcxproj", "{939D9E77-B56F-44E3-A75A-9EBF67ED7AA2}"
EndProject
Project("{8BC9CEB8-8B4A-11D0-8D11-00A0C91BC942}") = "Lab13_11_2", "Lab13_11_2\Lab13_11_2.vcxproj", "{EF69C7D5-C53A-4F55-8B4E-864B9FB6DFF9}"
EndProject
Global
	GlobalSection(SolutionConfigurationPlatforms) = preSolution
		Debug|x64 = Debug|x64
		Debug|x86 = Debug|x86
		Release|x64 = Release|x64
		Release|x86 = Release|x86
	EndGlobalSection
	GlobalSection(ProjectConfigurationPlatforms) = postSolution
		{2BA29C47-64F4-436C-A442-430CF0DDE93C}.Debug|x64.ActiveCfg = Debug|x64
		{2BA29C47-64F4-436C-A442-430CF0DDE93C}.Debug|x64.Build.0 = Debug|x64
		{2BA29C47-64F4-436C-A442-430CF0DDE93C}.Debug|x86.ActiveCfg = Debug|Win32
		{2BA29C47-64F4-436C-A442-430CF0DDE93C}.Debug|x86.Build.0 = Debug|Win32
		{2BA29C47-64F4-436C-A442-430CF0DDE93C}.Release|x64.ActiveCfg = Release|x64
		{2BA29C47-64F4-436C-A442-430CF0DDE93C}.Release|x64.Build.0 = Release|x64
		{2BA29C47-64F4-436C-A442-430CF0DDE93C}.Release|x86.ActiveCfg = Release|Win32
		{2BA29C47-64F4-436C-A442-430CF0DDE93C}.Release|x86.Build.0 = Release|Win32
		{80C9D465-5DF3-478D-851D-4DB403E48AFE}.Debug|x64.ActiveCfg = Debug|x64
		{80C9D465-5DF3-478D-851D-4DB403E48AFE}.Debug|x64.Build.0 = Debug|x64
		{80C9D465-5DF3-478D-851D-4DB403E48AFE}.Debug|x86.ActiveCfg = Debug|Win32
		{80C9D465-5DF3-478D-851D-4DB403E48AFE}.Debug|x86.Build.0 = Debug|Win32
		{80C9D465-5DF3-478D-851D-4DB403E48AFE}.Release|x64.ActiveCfg = Release|x64
		{80C9D465-5DF3-478D-851D-4DB403E48AFE}.Release|x64.Build.0 = Release|x64
		{80C9D465-5DF3-478D-851D-4DB403E48AFE}.Release|x86.ActiveCfg = Release|Win32
		{80C9D465-5DF3-478D-851D-4DB403E48AFE}.Release|x86.Build.0 = Release|Win32
		{7E035DBC-5827-447E-B479-4FAE77346B6E}.Debug|x64.ActiveCfg = Debug|x64
		{7E035DBC-5827-447E-B479-4FAE77346B6E}.Debug|x64.Build.0 = Debug|x64
		{7E035DBC-5827-447E-B479-4FAE77346B6E}.Debug|x86.ActiveCfg = Debug|Win32
		{7E035DBC-5827-447E-B479-4FAE77346B6E}.Debug|x86.Build.0 = Debug|Win32
		{7E035DBC-5827-447E-B479-4FAE77346B6E}.Release|x64.ActiveCfg = Release|x64
		{7E035DBC-5827-447E-B479-4FAE77346B6E}.Release|x64.Build.0 = Release|x64
		{7E035DBC-5827-447E-B479-4FAE77346B6E}.Release|x86.ActiveCfg = Release|Win32
		{7E035DBC-5827-447E-B479-4FAE77346B6E}.Release|x86.Build.0 = Release|Win32
		{5E285A83-A51B-4B42-9CFF-1ABA13BA6FAF}.Debug|x64.ActiveCfg = Debug|x64
		{5E285A83-A51B-4B42-9CFF-1ABA13BA6FAF}.Debug|x64.Build.0 = Debug|x64
		{5E285A83-A51B-4B42-9CFF-1ABA13BA6FAF}.Debug|x86.ActiveCfg = Debug|Win32
		{5E285A83-A51B-4B42-9CFF-1ABA13BA6FAF}.Debug|x86.Build.0 = Debug|Win32
		{5E285A83-A51B-4B42-9CFF-1ABA13BA6FAF}.Release|x64.ActiveCfg = Release|x64
		{5E285A83-A51B-4B42-9CFF-1ABA13BA6FAF}.Release|x64.Build.0 = Release|x64
		{5E285A83-A51B-4B42-9CFF-1ABA13BA6FAF}.Release|x86.ActiveCfg = Release|Win32
		{5E285A83-A51B-4B42-9CFF-1ABA13BA6FAF}.Release|x86.Build.0 = Release|Win32
		{4C89869E-0E1E-4D03-B7CA-A331FD06E3A1}.Debug|x64.ActiveCfg = Debug|x64
		{4C89869E-0E1E-4D03-B7CA-A331FD06E3A1}.Debug|x64.Build.0 = Debug|x64
		{4C89869E-0E1E-4D03-B7CA-A331FD06E3A1}.Debug|x86.ActiveCfg = Debug|Win32
		{4C89869E-0E1E-4D03-B7CA-A331FD06E3A1}.Debug|x86.Build.0 = Debug|Win32
		{4C89869E-0E1E-4D03-B7CA-A331FD06E3A1}.Release|x64.ActiveCfg = Release|x64
		{4C89869E-0E1E-4D03-B7CA-A331FD06E3A1}.Release|x64.Build.0 = Release|x64
		{4C89869E-0E1E-4D03-B7CA-A331FD06E3A1}.Release|x86.ActiveCfg = Release|Win32
		{4C89869E-0E1E-4D03-B7CA-A331FD06E3A1}.Release|x86.Build.0 = Release|Win32
		{6EE2BD8C-37D1-4804-876C-4E4DB7EB1DBC}.Debug|x64.ActiveCfg = Debug|x64
		{6EE2BD8C-37D1-4804-876C-4E4DB7EB1DBC}.Debug|x64.Build.0 = Debug|x64
		{6EE2BD8C-37D1-4804-876C-4E4DB7EB1DBC}.Debug|x86.ActiveCfg = Debug|Win32
		{6EE2BD8C-37D1-4804-876C-4E4DB7EB1DBC}.Debug|x86.Build.0 = Debug|Win32
		{6EE2BD8C-37D1-4804-876C-4E4DB7EB1DBC}.Release|x64.ActiveCfg = Release|x64
		{6EE2BD8C-37D1-4804-876C-4E4DB7EB1DBC}.Release|x64.Build.0 = Release|x64
		{6EE2BD8C-37D1-4804-876C-4E4DB7EB1DBC}.Release|x86.ActiveCfg = Release|Win32
		{6EE2BD8C-37D1-4804-876C-4E4DB7EB1DBC}.Release|x86.Build.0 = Release|Win32
		{939D9E77-B56F-44E3-A75A-9EBF67ED7AA2}.Debug|x64.ActiveCfg = Debug|x64
		{939D9E77-B56F-44E3-A75A-9EBF67ED7AA2}.Debug|x64.Build.0 = Debug|x64
		{939D9E77-B56F-44E3-A75A-9EBF67ED7AA2}.Debug|x86.ActiveCfg = Debug|Win32
		{939D9E77-B56F-44E3-A75A-9EBF67ED7AA2}.Debug|x86.Build.0 = Debug|Win32
		{939D9E77-B56F-44E3-A75A-9EBF67ED7AA2}.Release|x64.ActiveCfg = Release|x64
		{939D9E77-B56F-44E3-A75A-9EBF67ED7AA2}.Release|x64.Build.0 = Release|x64
		{939D9E77-B56F-44E3-A75A-9EBF67ED7AA2}.Release|x86.ActiveCfg = Release|Win32
		{939D9E77-B56F-44E3-A75A-9EBF67ED7AA2}.Release|x86.Build.0 = Release|Win32
		{EF69C7D5-C53A-4F55-8B4E-864B9FB6DFF9}.Debug|x64.ActiveCfg = Debug|x64
		{EF69C7D5-C53A-4F55-8B4E-864B9FB6DFF9}.Debug|x64.Build.0 = Debug|x64
		{EF69C7D5-C53A-4F55-8B4E-864B9FB6DFF9}.Debug|x86.ActiveCfg = Debug|Win32
		{EF69C7D5-C53A-4F55-8B4E-864B9FB6DFF9}.Debug|x86.Build.0 = Debug|Win32
		{EF69C7D5-C53A-4F55-8B4E-864B9FB6DFF9}.Release|x64.ActiveCfg = Release|x64
		{EF69C7D5-C53A-4F55-8B4E-864B9FB6DFF9}.Release|x64.Build.0 = Release|x64
		{EF69C7D5-C53A-4F55-8B4E-864B9FB6DFF9}.Release|x86.ActiveCfg = Release|Win32
		{EF69C7D5-C53A-4F55-8B4E-864B9FB6DFF9}.Release|x86.Build.0 = Release|Win32
	EndGlobalSection
	GlobalSection(SolutionProperties) = preSolution
		HideSolutionNode = FALSE
	EndGlobalSection
	GlobalSection(ExtensibilityGlobals) = postSolution
		SolutionGuid = {759AEA87-929C-4840-8CAA-D81C40322162}
	EndGlobalSection
EndGlobal
