
Microsoft Visual Studio Solution File, Format Version 12.00
# Visual Studio Version 17
VisualStudioVersion = 17.3.32929.385
MinimumVisualStudioVersion = 10.0.40219.1
Project("{8BC9CEB8-8B4A-11D0-8D11-00A0C91BC942}") = "Laba09_1_trapecii", "Laba09_1\Laba09_1.vcxproj", "{E91B7C52-FA5B-4F5F-BB17-560B18CEA822}"
EndProject
Project("{8BC9CEB8-8B4A-11D0-8D11-00A0C91BC942}") = "Laba09_1_poraboli", "Laba09_1)\Laba09_1).vcxproj", "{892B362C-9CF2-4547-B6B9-BA45F6230FE1}"
EndProject
Project("{8BC9CEB8-8B4A-11D0-8D11-00A0C91BC942}") = "Laba09_2", "Laba09_2\Laba09_2.vcxproj", "{7AB89929-F936-4AC8-A261-8D3E4ACCCA85}"
EndProject
Project("{8BC9CEB8-8B4A-11D0-8D11-00A0C91BC942}") = "Lab09_8", "Lab09_9\Lab09_9.vcxproj", "{A0582DAC-EDBB-4314-B4EE-1CE15A78529E}"
EndProject
Project("{8BC9CEB8-8B4A-11D0-8D11-00A0C91BC942}") = "Lab09_14", "Lab09_3\Lab09_3.vcxproj", "{FAB5E60B-226B-4A46-A1F9-EA372D7F5C45}"
EndProject
Project("{8BC9CEB8-8B4A-11D0-8D11-00A0C91BC942}") = "Laba09_6", "Laba09_7\Laba09_7.vcxproj", "{1F74544C-9033-407C-B521-65D933DD3A71}"
EndProject
Project("{8BC9CEB8-8B4A-11D0-8D11-00A0C91BC942}") = "kontrosha", "kontrosha\kontrosha.vcxproj", "{56F56F3A-9371-4CF0-989A-4634E6A5F330}"
EndProject
Global
	GlobalSection(SolutionConfigurationPlatforms) = preSolution
		Debug|x64 = Debug|x64
		Debug|x86 = Debug|x86
		Release|x64 = Release|x64
		Release|x86 = Release|x86
	EndGlobalSection
	GlobalSection(ProjectConfigurationPlatforms) = postSolution
		{E91B7C52-FA5B-4F5F-BB17-560B18CEA822}.Debug|x64.ActiveCfg = Debug|x64
		{E91B7C52-FA5B-4F5F-BB17-560B18CEA822}.Debug|x64.Build.0 = Debug|x64
		{E91B7C52-FA5B-4F5F-BB17-560B18CEA822}.Debug|x86.ActiveCfg = Debug|Win32
		{E91B7C52-FA5B-4F5F-BB17-560B18CEA822}.Debug|x86.Build.0 = Debug|Win32
		{E91B7C52-FA5B-4F5F-BB17-560B18CEA822}.Release|x64.ActiveCfg = Release|x64
		{E91B7C52-FA5B-4F5F-BB17-560B18CEA822}.Release|x64.Build.0 = Release|x64
		{E91B7C52-FA5B-4F5F-BB17-560B18CEA822}.Release|x86.ActiveCfg = Release|Win32
		{E91B7C52-FA5B-4F5F-BB17-560B18CEA822}.Release|x86.Build.0 = Release|Win32
		{892B362C-9CF2-4547-B6B9-BA45F6230FE1}.Debug|x64.ActiveCfg = Debug|x64
		{892B362C-9CF2-4547-B6B9-BA45F6230FE1}.Debug|x64.Build.0 = Debug|x64
		{892B362C-9CF2-4547-B6B9-BA45F6230FE1}.Debug|x86.ActiveCfg = Debug|Win32
		{892B362C-9CF2-4547-B6B9-BA45F6230FE1}.Debug|x86.Build.0 = Debug|Win32
		{892B362C-9CF2-4547-B6B9-BA45F6230FE1}.Release|x64.ActiveCfg = Release|x64
		{892B362C-9CF2-4547-B6B9-BA45F6230FE1}.Release|x64.Build.0 = Release|x64
		{892B362C-9CF2-4547-B6B9-BA45F6230FE1}.Release|x86.ActiveCfg = Release|Win32
		{892B362C-9CF2-4547-B6B9-BA45F6230FE1}.Release|x86.Build.0 = Release|Win32
		{7AB89929-F936-4AC8-A261-8D3E4ACCCA85}.Debug|x64.ActiveCfg = Debug|x64
		{7AB89929-F936-4AC8-A261-8D3E4ACCCA85}.Debug|x64.Build.0 = Debug|x64
		{7AB89929-F936-4AC8-A261-8D3E4ACCCA85}.Debug|x86.ActiveCfg = Debug|Win32
		{7AB89929-F936-4AC8-A261-8D3E4ACCCA85}.Debug|x86.Build.0 = Debug|Win32
		{7AB89929-F936-4AC8-A261-8D3E4ACCCA85}.Release|x64.ActiveCfg = Release|x64
		{7AB89929-F936-4AC8-A261-8D3E4ACCCA85}.Release|x64.Build.0 = Release|x64
		{7AB89929-F936-4AC8-A261-8D3E4ACCCA85}.Release|x86.ActiveCfg = Release|Win32
		{7AB89929-F936-4AC8-A261-8D3E4ACCCA85}.Release|x86.Build.0 = Release|Win32
		{A0582DAC-EDBB-4314-B4EE-1CE15A78529E}.Debug|x64.ActiveCfg = Debug|x64
		{A0582DAC-EDBB-4314-B4EE-1CE15A78529E}.Debug|x64.Build.0 = Debug|x64
		{A0582DAC-EDBB-4314-B4EE-1CE15A78529E}.Debug|x86.ActiveCfg = Debug|Win32
		{A0582DAC-EDBB-4314-B4EE-1CE15A78529E}.Debug|x86.Build.0 = Debug|Win32
		{A0582DAC-EDBB-4314-B4EE-1CE15A78529E}.Release|x64.ActiveCfg = Release|x64
		{A0582DAC-EDBB-4314-B4EE-1CE15A78529E}.Release|x64.Build.0 = Release|x64
		{A0582DAC-EDBB-4314-B4EE-1CE15A78529E}.Release|x86.ActiveCfg = Release|Win32
		{A0582DAC-EDBB-4314-B4EE-1CE15A78529E}.Release|x86.Build.0 = Release|Win32
		{FAB5E60B-226B-4A46-A1F9-EA372D7F5C45}.Debug|x64.ActiveCfg = Debug|x64
		{FAB5E60B-226B-4A46-A1F9-EA372D7F5C45}.Debug|x64.Build.0 = Debug|x64
		{FAB5E60B-226B-4A46-A1F9-EA372D7F5C45}.Debug|x86.ActiveCfg = Debug|Win32
		{FAB5E60B-226B-4A46-A1F9-EA372D7F5C45}.Debug|x86.Build.0 = Debug|Win32
		{FAB5E60B-226B-4A46-A1F9-EA372D7F5C45}.Release|x64.ActiveCfg = Release|x64
		{FAB5E60B-226B-4A46-A1F9-EA372D7F5C45}.Release|x64.Build.0 = Release|x64
		{FAB5E60B-226B-4A46-A1F9-EA372D7F5C45}.Release|x86.ActiveCfg = Release|Win32
		{FAB5E60B-226B-4A46-A1F9-EA372D7F5C45}.Release|x86.Build.0 = Release|Win32
		{1F74544C-9033-407C-B521-65D933DD3A71}.Debug|x64.ActiveCfg = Debug|x64
		{1F74544C-9033-407C-B521-65D933DD3A71}.Debug|x64.Build.0 = Debug|x64
		{1F74544C-9033-407C-B521-65D933DD3A71}.Debug|x86.ActiveCfg = Debug|Win32
		{1F74544C-9033-407C-B521-65D933DD3A71}.Debug|x86.Build.0 = Debug|Win32
		{1F74544C-9033-407C-B521-65D933DD3A71}.Release|x64.ActiveCfg = Release|x64
		{1F74544C-9033-407C-B521-65D933DD3A71}.Release|x64.Build.0 = Release|x64
		{1F74544C-9033-407C-B521-65D933DD3A71}.Release|x86.ActiveCfg = Release|Win32
		{1F74544C-9033-407C-B521-65D933DD3A71}.Release|x86.Build.0 = Release|Win32
		{56F56F3A-9371-4CF0-989A-4634E6A5F330}.Debug|x64.ActiveCfg = Debug|x64
		{56F56F3A-9371-4CF0-989A-4634E6A5F330}.Debug|x64.Build.0 = Debug|x64
		{56F56F3A-9371-4CF0-989A-4634E6A5F330}.Debug|x86.ActiveCfg = Debug|Win32
		{56F56F3A-9371-4CF0-989A-4634E6A5F330}.Debug|x86.Build.0 = Debug|Win32
		{56F56F3A-9371-4CF0-989A-4634E6A5F330}.Release|x64.ActiveCfg = Release|x64
		{56F56F3A-9371-4CF0-989A-4634E6A5F330}.Release|x64.Build.0 = Release|x64
		{56F56F3A-9371-4CF0-989A-4634E6A5F330}.Release|x86.ActiveCfg = Release|Win32
		{56F56F3A-9371-4CF0-989A-4634E6A5F330}.Release|x86.Build.0 = Release|Win32
	EndGlobalSection
	GlobalSection(SolutionProperties) = preSolution
		HideSolutionNode = FALSE
	EndGlobalSection
	GlobalSection(ExtensibilityGlobals) = postSolution
		SolutionGuid = {843998D8-B259-44A2-8C19-C12E4FD8723B}
	EndGlobalSection
EndGlobal
