
Microsoft Visual Studio Solution File, Format Version 12.00
# Visual Studio Version 17
VisualStudioVersion = 17.3.32825.248
MinimumVisualStudioVersion = 10.0.40219.1
Project("{8BC9CEB8-8B4A-11D0-8D11-00A0C91BC942}") = "Laba04(Exampl1)", "Laba04(Examples)\Laba04(Examples).vcxproj", "{BA159A97-AFC2-4A03-AEAD-9EEB7FDAC670}"
EndProject
Project("{8BC9CEB8-8B4A-11D0-8D11-00A0C91BC942}") = "Laba04(example2)", "Laba04(example2)\Laba04(example2).vcxproj", "{4F97A7E0-377C-4F92-97A4-DBC26F8B5CAD}"
EndProject
Project("{8BC9CEB8-8B4A-11D0-8D11-00A0C91BC942}") = "Laba04(Example3.)", "Laba04(Example3.)\Laba04(Example3.).vcxproj", "{10878D80-216F-4A2F-B3F1-F576D35E42D3}"
EndProject
Project("{8BC9CEB8-8B4A-11D0-8D11-00A0C91BC942}") = "Laba04(Example4)", "Laba04(Example4)\Laba04(Example4).vcxproj", "{DE571C16-6AD1-4FFC-8C05-E4FD9173A4D9}"
EndProject
Project("{8BC9CEB8-8B4A-11D0-8D11-00A0C91BC942}") = "Laba04(10_1)", "Laba04(10_1)\Laba04(10_1).vcxproj", "{B7D55B32-7E6E-406F-9934-8248D988E719}"
EndProject
Project("{8BC9CEB8-8B4A-11D0-8D11-00A0C91BC942}") = "Laba04(10_2)", "Laba04(10_2)\Laba04(10_2).vcxproj", "{5CDAA240-7F92-4349-AE51-8F6F32FB1FAE}"
EndProject
Project("{8BC9CEB8-8B4A-11D0-8D11-00A0C91BC942}") = "Laba04(13_1)", "Laba04(13)\Laba04(13).vcxproj", "{CB5A84A1-8B2C-4194-9299-0FC9924AAD85}"
EndProject
Project("{8BC9CEB8-8B4A-11D0-8D11-00A0C91BC942}") = "Laba04(13_2)", "Laba04(13_2)\Laba04(13_2).vcxproj", "{AB56EF58-C635-4D9B-AC09-5948916B6051}"
EndProject
Project("{8BC9CEB8-8B4A-11D0-8D11-00A0C91BC942}") = "Laba04(14_1)", "Laba04(14_1)\Laba04(14_1).vcxproj", "{73EB1EEB-0260-43EC-A6CE-90AF2787BD27}"
EndProject
Project("{8BC9CEB8-8B4A-11D0-8D11-00A0C91BC942}") = "Laba04(14_2)", "Laba04(14_2)\Laba04(14_2).vcxproj", "{3379A54D-A63C-42AD-8552-AECBEF32A7E2}"
EndProject
Project("{8BC9CEB8-8B4A-11D0-8D11-00A0C91BC942}") = "Laba04(15_1)", "Laba04(15_1)\Laba04(15_1).vcxproj", "{DFC8899F-CC85-413C-9B99-076560F9D73E}"
EndProject
Project("{8BC9CEB8-8B4A-11D0-8D11-00A0C91BC942}") = "Laba04(15_2)", "Laba04(15_2)\Laba04(15_2).vcxproj", "{C3A8CF10-AD50-4055-967E-D6DDF4469983}"
EndProject
Global
	GlobalSection(SolutionConfigurationPlatforms) = preSolution
		Debug|x64 = Debug|x64
		Debug|x86 = Debug|x86
		Release|x64 = Release|x64
		Release|x86 = Release|x86
	EndGlobalSection
	GlobalSection(ProjectConfigurationPlatforms) = postSolution
		{BA159A97-AFC2-4A03-AEAD-9EEB7FDAC670}.Debug|x64.ActiveCfg = Debug|x64
		{BA159A97-AFC2-4A03-AEAD-9EEB7FDAC670}.Debug|x64.Build.0 = Debug|x64
		{BA159A97-AFC2-4A03-AEAD-9EEB7FDAC670}.Debug|x86.ActiveCfg = Debug|Win32
		{BA159A97-AFC2-4A03-AEAD-9EEB7FDAC670}.Debug|x86.Build.0 = Debug|Win32
		{BA159A97-AFC2-4A03-AEAD-9EEB7FDAC670}.Release|x64.ActiveCfg = Release|x64
		{BA159A97-AFC2-4A03-AEAD-9EEB7FDAC670}.Release|x64.Build.0 = Release|x64
		{BA159A97-AFC2-4A03-AEAD-9EEB7FDAC670}.Release|x86.ActiveCfg = Release|Win32
		{BA159A97-AFC2-4A03-AEAD-9EEB7FDAC670}.Release|x86.Build.0 = Release|Win32
		{4F97A7E0-377C-4F92-97A4-DBC26F8B5CAD}.Debug|x64.ActiveCfg = Debug|x64
		{4F97A7E0-377C-4F92-97A4-DBC26F8B5CAD}.Debug|x64.Build.0 = Debug|x64
		{4F97A7E0-377C-4F92-97A4-DBC26F8B5CAD}.Debug|x86.ActiveCfg = Debug|Win32
		{4F97A7E0-377C-4F92-97A4-DBC26F8B5CAD}.Debug|x86.Build.0 = Debug|Win32
		{4F97A7E0-377C-4F92-97A4-DBC26F8B5CAD}.Release|x64.ActiveCfg = Release|x64
		{4F97A7E0-377C-4F92-97A4-DBC26F8B5CAD}.Release|x64.Build.0 = Release|x64
		{4F97A7E0-377C-4F92-97A4-DBC26F8B5CAD}.Release|x86.ActiveCfg = Release|Win32
		{4F97A7E0-377C-4F92-97A4-DBC26F8B5CAD}.Release|x86.Build.0 = Release|Win32
		{10878D80-216F-4A2F-B3F1-F576D35E42D3}.Debug|x64.ActiveCfg = Debug|x64
		{10878D80-216F-4A2F-B3F1-F576D35E42D3}.Debug|x64.Build.0 = Debug|x64
		{10878D80-216F-4A2F-B3F1-F576D35E42D3}.Debug|x86.ActiveCfg = Debug|Win32
		{10878D80-216F-4A2F-B3F1-F576D35E42D3}.Debug|x86.Build.0 = Debug|Win32
		{10878D80-216F-4A2F-B3F1-F576D35E42D3}.Release|x64.ActiveCfg = Release|x64
		{10878D80-216F-4A2F-B3F1-F576D35E42D3}.Release|x64.Build.0 = Release|x64
		{10878D80-216F-4A2F-B3F1-F576D35E42D3}.Release|x86.ActiveCfg = Release|Win32
		{10878D80-216F-4A2F-B3F1-F576D35E42D3}.Release|x86.Build.0 = Release|Win32
		{DE571C16-6AD1-4FFC-8C05-E4FD9173A4D9}.Debug|x64.ActiveCfg = Debug|x64
		{DE571C16-6AD1-4FFC-8C05-E4FD9173A4D9}.Debug|x64.Build.0 = Debug|x64
		{DE571C16-6AD1-4FFC-8C05-E4FD9173A4D9}.Debug|x86.ActiveCfg = Debug|Win32
		{DE571C16-6AD1-4FFC-8C05-E4FD9173A4D9}.Debug|x86.Build.0 = Debug|Win32
		{DE571C16-6AD1-4FFC-8C05-E4FD9173A4D9}.Release|x64.ActiveCfg = Release|x64
		{DE571C16-6AD1-4FFC-8C05-E4FD9173A4D9}.Release|x64.Build.0 = Release|x64
		{DE571C16-6AD1-4FFC-8C05-E4FD9173A4D9}.Release|x86.ActiveCfg = Release|Win32
		{DE571C16-6AD1-4FFC-8C05-E4FD9173A4D9}.Release|x86.Build.0 = Release|Win32
		{B7D55B32-7E6E-406F-9934-8248D988E719}.Debug|x64.ActiveCfg = Debug|x64
		{B7D55B32-7E6E-406F-9934-8248D988E719}.Debug|x64.Build.0 = Debug|x64
		{B7D55B32-7E6E-406F-9934-8248D988E719}.Debug|x86.ActiveCfg = Debug|Win32
		{B7D55B32-7E6E-406F-9934-8248D988E719}.Debug|x86.Build.0 = Debug|Win32
		{B7D55B32-7E6E-406F-9934-8248D988E719}.Release|x64.ActiveCfg = Release|x64
		{B7D55B32-7E6E-406F-9934-8248D988E719}.Release|x64.Build.0 = Release|x64
		{B7D55B32-7E6E-406F-9934-8248D988E719}.Release|x86.ActiveCfg = Release|Win32
		{B7D55B32-7E6E-406F-9934-8248D988E719}.Release|x86.Build.0 = Release|Win32
		{5CDAA240-7F92-4349-AE51-8F6F32FB1FAE}.Debug|x64.ActiveCfg = Debug|x64
		{5CDAA240-7F92-4349-AE51-8F6F32FB1FAE}.Debug|x64.Build.0 = Debug|x64
		{5CDAA240-7F92-4349-AE51-8F6F32FB1FAE}.Debug|x86.ActiveCfg = Debug|Win32
		{5CDAA240-7F92-4349-AE51-8F6F32FB1FAE}.Debug|x86.Build.0 = Debug|Win32
		{5CDAA240-7F92-4349-AE51-8F6F32FB1FAE}.Release|x64.ActiveCfg = Release|x64
		{5CDAA240-7F92-4349-AE51-8F6F32FB1FAE}.Release|x64.Build.0 = Release|x64
		{5CDAA240-7F92-4349-AE51-8F6F32FB1FAE}.Release|x86.ActiveCfg = Release|Win32
		{5CDAA240-7F92-4349-AE51-8F6F32FB1FAE}.Release|x86.Build.0 = Release|Win32
		{CB5A84A1-8B2C-4194-9299-0FC9924AAD85}.Debug|x64.ActiveCfg = Debug|x64
		{CB5A84A1-8B2C-4194-9299-0FC9924AAD85}.Debug|x64.Build.0 = Debug|x64
		{CB5A84A1-8B2C-4194-9299-0FC9924AAD85}.Debug|x86.ActiveCfg = Debug|Win32
		{CB5A84A1-8B2C-4194-9299-0FC9924AAD85}.Debug|x86.Build.0 = Debug|Win32
		{CB5A84A1-8B2C-4194-9299-0FC9924AAD85}.Release|x64.ActiveCfg = Release|x64
		{CB5A84A1-8B2C-4194-9299-0FC9924AAD85}.Release|x64.Build.0 = Release|x64
		{CB5A84A1-8B2C-4194-9299-0FC9924AAD85}.Release|x86.ActiveCfg = Release|Win32
		{CB5A84A1-8B2C-4194-9299-0FC9924AAD85}.Release|x86.Build.0 = Release|Win32
		{AB56EF58-C635-4D9B-AC09-5948916B6051}.Debug|x64.ActiveCfg = Debug|x64
		{AB56EF58-C635-4D9B-AC09-5948916B6051}.Debug|x64.Build.0 = Debug|x64
		{AB56EF58-C635-4D9B-AC09-5948916B6051}.Debug|x86.ActiveCfg = Debug|Win32
		{AB56EF58-C635-4D9B-AC09-5948916B6051}.Debug|x86.Build.0 = Debug|Win32
		{AB56EF58-C635-4D9B-AC09-5948916B6051}.Release|x64.ActiveCfg = Release|x64
		{AB56EF58-C635-4D9B-AC09-5948916B6051}.Release|x64.Build.0 = Release|x64
		{AB56EF58-C635-4D9B-AC09-5948916B6051}.Release|x86.ActiveCfg = Release|Win32
		{AB56EF58-C635-4D9B-AC09-5948916B6051}.Release|x86.Build.0 = Release|Win32
		{73EB1EEB-0260-43EC-A6CE-90AF2787BD27}.Debug|x64.ActiveCfg = Debug|x64
		{73EB1EEB-0260-43EC-A6CE-90AF2787BD27}.Debug|x64.Build.0 = Debug|x64
		{73EB1EEB-0260-43EC-A6CE-90AF2787BD27}.Debug|x86.ActiveCfg = Debug|Win32
		{73EB1EEB-0260-43EC-A6CE-90AF2787BD27}.Debug|x86.Build.0 = Debug|Win32
		{73EB1EEB-0260-43EC-A6CE-90AF2787BD27}.Release|x64.ActiveCfg = Release|x64
		{73EB1EEB-0260-43EC-A6CE-90AF2787BD27}.Release|x64.Build.0 = Release|x64
		{73EB1EEB-0260-43EC-A6CE-90AF2787BD27}.Release|x86.ActiveCfg = Release|Win32
		{73EB1EEB-0260-43EC-A6CE-90AF2787BD27}.Release|x86.Build.0 = Release|Win32
		{3379A54D-A63C-42AD-8552-AECBEF32A7E2}.Debug|x64.ActiveCfg = Debug|x64
		{3379A54D-A63C-42AD-8552-AECBEF32A7E2}.Debug|x64.Build.0 = Debug|x64
		{3379A54D-A63C-42AD-8552-AECBEF32A7E2}.Debug|x86.ActiveCfg = Debug|Win32
		{3379A54D-A63C-42AD-8552-AECBEF32A7E2}.Debug|x86.Build.0 = Debug|Win32
		{3379A54D-A63C-42AD-8552-AECBEF32A7E2}.Release|x64.ActiveCfg = Release|x64
		{3379A54D-A63C-42AD-8552-AECBEF32A7E2}.Release|x64.Build.0 = Release|x64
		{3379A54D-A63C-42AD-8552-AECBEF32A7E2}.Release|x86.ActiveCfg = Release|Win32
		{3379A54D-A63C-42AD-8552-AECBEF32A7E2}.Release|x86.Build.0 = Release|Win32
		{DFC8899F-CC85-413C-9B99-076560F9D73E}.Debug|x64.ActiveCfg = Debug|x64
		{DFC8899F-CC85-413C-9B99-076560F9D73E}.Debug|x64.Build.0 = Debug|x64
		{DFC8899F-CC85-413C-9B99-076560F9D73E}.Debug|x86.ActiveCfg = Debug|Win32
		{DFC8899F-CC85-413C-9B99-076560F9D73E}.Debug|x86.Build.0 = Debug|Win32
		{DFC8899F-CC85-413C-9B99-076560F9D73E}.Release|x64.ActiveCfg = Release|x64
		{DFC8899F-CC85-413C-9B99-076560F9D73E}.Release|x64.Build.0 = Release|x64
		{DFC8899F-CC85-413C-9B99-076560F9D73E}.Release|x86.ActiveCfg = Release|Win32
		{DFC8899F-CC85-413C-9B99-076560F9D73E}.Release|x86.Build.0 = Release|Win32
		{C3A8CF10-AD50-4055-967E-D6DDF4469983}.Debug|x64.ActiveCfg = Debug|x64
		{C3A8CF10-AD50-4055-967E-D6DDF4469983}.Debug|x64.Build.0 = Debug|x64
		{C3A8CF10-AD50-4055-967E-D6DDF4469983}.Debug|x86.ActiveCfg = Debug|Win32
		{C3A8CF10-AD50-4055-967E-D6DDF4469983}.Debug|x86.Build.0 = Debug|Win32
		{C3A8CF10-AD50-4055-967E-D6DDF4469983}.Release|x64.ActiveCfg = Release|x64
		{C3A8CF10-AD50-4055-967E-D6DDF4469983}.Release|x64.Build.0 = Release|x64
		{C3A8CF10-AD50-4055-967E-D6DDF4469983}.Release|x86.ActiveCfg = Release|Win32
		{C3A8CF10-AD50-4055-967E-D6DDF4469983}.Release|x86.Build.0 = Release|Win32
	EndGlobalSection
	GlobalSection(SolutionProperties) = preSolution
		HideSolutionNode = FALSE
	EndGlobalSection
	GlobalSection(ExtensibilityGlobals) = postSolution
		SolutionGuid = {187705EB-7FAD-4F64-8237-B38ABA55F040}
	EndGlobalSection
EndGlobal
