
Microsoft Visual Studio Solution File, Format Version 12.00
# Visual Studio Version 17
VisualStudioVersion = 17.3.32929.385
MinimumVisualStudioVersion = 10.0.40219.1
Project("{8BC9CEB8-8B4A-11D0-8D11-00A0C91BC942}") = "Example", "Lab11_Example\Lab11_Example.vcxproj", "{8212A92F-EE25-4128-9B0E-11F460FFC083}"
EndProject
Project("{8BC9CEB8-8B4A-11D0-8D11-00A0C91BC942}") = "Example_2", "Example_2\Example_2.vcxproj", "{3B6ABC7E-FFE3-4A92-905C-E922A8F6BFD1}"
EndProject
Project("{8BC9CEB8-8B4A-11D0-8D11-00A0C91BC942}") = "Example_3", "Example_3\Example_3.vcxproj", "{CEEE21E8-0B52-4619-B126-5DE9A59E03C2}"
EndProject
Project("{8BC9CEB8-8B4A-11D0-8D11-00A0C91BC942}") = "Lab11_10_1", "Lab11_10_1\Lab11_10_1.vcxproj", "{8CC364DA-1F5F-4441-8EA3-158FB7212EF5}"
EndProject
Project("{8BC9CEB8-8B4A-11D0-8D11-00A0C91BC942}") = "Lab11_10_2", "Lab11_10_2\Lab11_10_2.vcxproj", "{B472141A-4F83-41CA-A4E9-2EA3EE8DE076}"
EndProject
Project("{8BC9CEB8-8B4A-11D0-8D11-00A0C91BC942}") = "Lab11_16_1", "Lab11_16_2\Lab11_16_2.vcxproj", "{AEDEC711-E2DA-4CE6-91FE-435BB63592E7}"
EndProject
Project("{8BC9CEB8-8B4A-11D0-8D11-00A0C91BC942}") = "Lab11_16_2(", "Lab11_16_2(\Lab11_16_2(.vcxproj", "{CEEB5B07-5485-4F28-9342-DB2250663E0A}"
EndProject
Project("{8BC9CEB8-8B4A-11D0-8D11-00A0C91BC942}") = "Lab11_15_1", "Lab11_15_1\Lab11_15_1.vcxproj", "{9B84D61F-82D0-4571-9B8F-46710D1F5B38}"
EndProject
Project("{8BC9CEB8-8B4A-11D0-8D11-00A0C91BC942}") = "Lab11_15_2", "Lab11_15_2\Lab11_15_2.vcxproj", "{3F72F1B3-4145-40DD-8F78-F3D151DA816E}"
EndProject
Project("{8BC9CEB8-8B4A-11D0-8D11-00A0C91BC942}") = "Lab11_4_1", "Lab11_4_1\Lab11_4_1.vcxproj", "{544E00C0-C86F-47E0-AB1A-38A6BD95930F}"
EndProject
Project("{8BC9CEB8-8B4A-11D0-8D11-00A0C91BC942}") = "Lab11_4_2", "Lab11_4_2\Lab11_4_2.vcxproj", "{61EEF0FB-FC38-48FD-BC53-AB8AD94269B4}"
EndProject
Global
	GlobalSection(SolutionConfigurationPlatforms) = preSolution
		Debug|x64 = Debug|x64
		Debug|x86 = Debug|x86
		Release|x64 = Release|x64
		Release|x86 = Release|x86
	EndGlobalSection
	GlobalSection(ProjectConfigurationPlatforms) = postSolution
		{8212A92F-EE25-4128-9B0E-11F460FFC083}.Debug|x64.ActiveCfg = Debug|x64
		{8212A92F-EE25-4128-9B0E-11F460FFC083}.Debug|x64.Build.0 = Debug|x64
		{8212A92F-EE25-4128-9B0E-11F460FFC083}.Debug|x86.ActiveCfg = Debug|Win32
		{8212A92F-EE25-4128-9B0E-11F460FFC083}.Debug|x86.Build.0 = Debug|Win32
		{8212A92F-EE25-4128-9B0E-11F460FFC083}.Release|x64.ActiveCfg = Release|x64
		{8212A92F-EE25-4128-9B0E-11F460FFC083}.Release|x64.Build.0 = Release|x64
		{8212A92F-EE25-4128-9B0E-11F460FFC083}.Release|x86.ActiveCfg = Release|Win32
		{8212A92F-EE25-4128-9B0E-11F460FFC083}.Release|x86.Build.0 = Release|Win32
		{3B6ABC7E-FFE3-4A92-905C-E922A8F6BFD1}.Debug|x64.ActiveCfg = Debug|x64
		{3B6ABC7E-FFE3-4A92-905C-E922A8F6BFD1}.Debug|x64.Build.0 = Debug|x64
		{3B6ABC7E-FFE3-4A92-905C-E922A8F6BFD1}.Debug|x86.ActiveCfg = Debug|Win32
		{3B6ABC7E-FFE3-4A92-905C-E922A8F6BFD1}.Debug|x86.Build.0 = Debug|Win32
		{3B6ABC7E-FFE3-4A92-905C-E922A8F6BFD1}.Release|x64.ActiveCfg = Release|x64
		{3B6ABC7E-FFE3-4A92-905C-E922A8F6BFD1}.Release|x64.Build.0 = Release|x64
		{3B6ABC7E-FFE3-4A92-905C-E922A8F6BFD1}.Release|x86.ActiveCfg = Release|Win32
		{3B6ABC7E-FFE3-4A92-905C-E922A8F6BFD1}.Release|x86.Build.0 = Release|Win32
		{CEEE21E8-0B52-4619-B126-5DE9A59E03C2}.Debug|x64.ActiveCfg = Debug|x64
		{CEEE21E8-0B52-4619-B126-5DE9A59E03C2}.Debug|x64.Build.0 = Debug|x64
		{CEEE21E8-0B52-4619-B126-5DE9A59E03C2}.Debug|x86.ActiveCfg = Debug|Win32
		{CEEE21E8-0B52-4619-B126-5DE9A59E03C2}.Debug|x86.Build.0 = Debug|Win32
		{CEEE21E8-0B52-4619-B126-5DE9A59E03C2}.Release|x64.ActiveCfg = Release|x64
		{CEEE21E8-0B52-4619-B126-5DE9A59E03C2}.Release|x64.Build.0 = Release|x64
		{CEEE21E8-0B52-4619-B126-5DE9A59E03C2}.Release|x86.ActiveCfg = Release|Win32
		{CEEE21E8-0B52-4619-B126-5DE9A59E03C2}.Release|x86.Build.0 = Release|Win32
		{8CC364DA-1F5F-4441-8EA3-158FB7212EF5}.Debug|x64.ActiveCfg = Debug|x64
		{8CC364DA-1F5F-4441-8EA3-158FB7212EF5}.Debug|x64.Build.0 = Debug|x64
		{8CC364DA-1F5F-4441-8EA3-158FB7212EF5}.Debug|x86.ActiveCfg = Debug|Win32
		{8CC364DA-1F5F-4441-8EA3-158FB7212EF5}.Debug|x86.Build.0 = Debug|Win32
		{8CC364DA-1F5F-4441-8EA3-158FB7212EF5}.Release|x64.ActiveCfg = Release|x64
		{8CC364DA-1F5F-4441-8EA3-158FB7212EF5}.Release|x64.Build.0 = Release|x64
		{8CC364DA-1F5F-4441-8EA3-158FB7212EF5}.Release|x86.ActiveCfg = Release|Win32
		{8CC364DA-1F5F-4441-8EA3-158FB7212EF5}.Release|x86.Build.0 = Release|Win32
		{B472141A-4F83-41CA-A4E9-2EA3EE8DE076}.Debug|x64.ActiveCfg = Debug|x64
		{B472141A-4F83-41CA-A4E9-2EA3EE8DE076}.Debug|x64.Build.0 = Debug|x64
		{B472141A-4F83-41CA-A4E9-2EA3EE8DE076}.Debug|x86.ActiveCfg = Debug|Win32
		{B472141A-4F83-41CA-A4E9-2EA3EE8DE076}.Debug|x86.Build.0 = Debug|Win32
		{B472141A-4F83-41CA-A4E9-2EA3EE8DE076}.Release|x64.ActiveCfg = Release|x64
		{B472141A-4F83-41CA-A4E9-2EA3EE8DE076}.Release|x64.Build.0 = Release|x64
		{B472141A-4F83-41CA-A4E9-2EA3EE8DE076}.Release|x86.ActiveCfg = Release|Win32
		{B472141A-4F83-41CA-A4E9-2EA3EE8DE076}.Release|x86.Build.0 = Release|Win32
		{AEDEC711-E2DA-4CE6-91FE-435BB63592E7}.Debug|x64.ActiveCfg = Debug|x64
		{AEDEC711-E2DA-4CE6-91FE-435BB63592E7}.Debug|x64.Build.0 = Debug|x64
		{AEDEC711-E2DA-4CE6-91FE-435BB63592E7}.Debug|x86.ActiveCfg = Debug|Win32
		{AEDEC711-E2DA-4CE6-91FE-435BB63592E7}.Debug|x86.Build.0 = Debug|Win32
		{AEDEC711-E2DA-4CE6-91FE-435BB63592E7}.Release|x64.ActiveCfg = Release|x64
		{AEDEC711-E2DA-4CE6-91FE-435BB63592E7}.Release|x64.Build.0 = Release|x64
		{AEDEC711-E2DA-4CE6-91FE-435BB63592E7}.Release|x86.ActiveCfg = Release|Win32
		{AEDEC711-E2DA-4CE6-91FE-435BB63592E7}.Release|x86.Build.0 = Release|Win32
		{CEEB5B07-5485-4F28-9342-DB2250663E0A}.Debug|x64.ActiveCfg = Debug|x64
		{CEEB5B07-5485-4F28-9342-DB2250663E0A}.Debug|x64.Build.0 = Debug|x64
		{CEEB5B07-5485-4F28-9342-DB2250663E0A}.Debug|x86.ActiveCfg = Debug|Win32
		{CEEB5B07-5485-4F28-9342-DB2250663E0A}.Debug|x86.Build.0 = Debug|Win32
		{CEEB5B07-5485-4F28-9342-DB2250663E0A}.Release|x64.ActiveCfg = Release|x64
		{CEEB5B07-5485-4F28-9342-DB2250663E0A}.Release|x64.Build.0 = Release|x64
		{CEEB5B07-5485-4F28-9342-DB2250663E0A}.Release|x86.ActiveCfg = Release|Win32
		{CEEB5B07-5485-4F28-9342-DB2250663E0A}.Release|x86.Build.0 = Release|Win32
		{9B84D61F-82D0-4571-9B8F-46710D1F5B38}.Debug|x64.ActiveCfg = Debug|x64
		{9B84D61F-82D0-4571-9B8F-46710D1F5B38}.Debug|x64.Build.0 = Debug|x64
		{9B84D61F-82D0-4571-9B8F-46710D1F5B38}.Debug|x86.ActiveCfg = Debug|Win32
		{9B84D61F-82D0-4571-9B8F-46710D1F5B38}.Debug|x86.Build.0 = Debug|Win32
		{9B84D61F-82D0-4571-9B8F-46710D1F5B38}.Release|x64.ActiveCfg = Release|x64
		{9B84D61F-82D0-4571-9B8F-46710D1F5B38}.Release|x64.Build.0 = Release|x64
		{9B84D61F-82D0-4571-9B8F-46710D1F5B38}.Release|x86.ActiveCfg = Release|Win32
		{9B84D61F-82D0-4571-9B8F-46710D1F5B38}.Release|x86.Build.0 = Release|Win32
		{3F72F1B3-4145-40DD-8F78-F3D151DA816E}.Debug|x64.ActiveCfg = Debug|x64
		{3F72F1B3-4145-40DD-8F78-F3D151DA816E}.Debug|x64.Build.0 = Debug|x64
		{3F72F1B3-4145-40DD-8F78-F3D151DA816E}.Debug|x86.ActiveCfg = Debug|Win32
		{3F72F1B3-4145-40DD-8F78-F3D151DA816E}.Debug|x86.Build.0 = Debug|Win32
		{3F72F1B3-4145-40DD-8F78-F3D151DA816E}.Release|x64.ActiveCfg = Release|x64
		{3F72F1B3-4145-40DD-8F78-F3D151DA816E}.Release|x64.Build.0 = Release|x64
		{3F72F1B3-4145-40DD-8F78-F3D151DA816E}.Release|x86.ActiveCfg = Release|Win32
		{3F72F1B3-4145-40DD-8F78-F3D151DA816E}.Release|x86.Build.0 = Release|Win32
		{544E00C0-C86F-47E0-AB1A-38A6BD95930F}.Debug|x64.ActiveCfg = Debug|x64
		{544E00C0-C86F-47E0-AB1A-38A6BD95930F}.Debug|x64.Build.0 = Debug|x64
		{544E00C0-C86F-47E0-AB1A-38A6BD95930F}.Debug|x86.ActiveCfg = Debug|Win32
		{544E00C0-C86F-47E0-AB1A-38A6BD95930F}.Debug|x86.Build.0 = Debug|Win32
		{544E00C0-C86F-47E0-AB1A-38A6BD95930F}.Release|x64.ActiveCfg = Release|x64
		{544E00C0-C86F-47E0-AB1A-38A6BD95930F}.Release|x64.Build.0 = Release|x64
		{544E00C0-C86F-47E0-AB1A-38A6BD95930F}.Release|x86.ActiveCfg = Release|Win32
		{544E00C0-C86F-47E0-AB1A-38A6BD95930F}.Release|x86.Build.0 = Release|Win32
		{61EEF0FB-FC38-48FD-BC53-AB8AD94269B4}.Debug|x64.ActiveCfg = Debug|x64
		{61EEF0FB-FC38-48FD-BC53-AB8AD94269B4}.Debug|x64.Build.0 = Debug|x64
		{61EEF0FB-FC38-48FD-BC53-AB8AD94269B4}.Debug|x86.ActiveCfg = Debug|Win32
		{61EEF0FB-FC38-48FD-BC53-AB8AD94269B4}.Debug|x86.Build.0 = Debug|Win32
		{61EEF0FB-FC38-48FD-BC53-AB8AD94269B4}.Release|x64.ActiveCfg = Release|x64
		{61EEF0FB-FC38-48FD-BC53-AB8AD94269B4}.Release|x64.Build.0 = Release|x64
		{61EEF0FB-FC38-48FD-BC53-AB8AD94269B4}.Release|x86.ActiveCfg = Release|Win32
		{61EEF0FB-FC38-48FD-BC53-AB8AD94269B4}.Release|x86.Build.0 = Release|Win32
	EndGlobalSection
	GlobalSection(SolutionProperties) = preSolution
		HideSolutionNode = FALSE
	EndGlobalSection
	GlobalSection(ExtensibilityGlobals) = postSolution
		SolutionGuid = {C5A93DF0-C24E-480B-B06E-5E1904F8B5D8}
	EndGlobalSection
EndGlobal
