
Microsoft Visual Studio Solution File, Format Version 12.00
# Visual Studio Version 17
VisualStudioVersion = 17.3.32929.385
MinimumVisualStudioVersion = 10.0.40219.1
Project("{8BC9CEB8-8B4A-11D0-8D11-00A0C91BC942}") = "Lab16", "Lab16\Lab16.vcxproj", "{D6CF90F8-24E7-4871-8850-C6C85BB6011A}"
EndProject
Project("{8BC9CEB8-8B4A-11D0-8D11-00A0C91BC942}") = "var8_task2", "dops\dops.vcxproj", "{3993374C-A94C-420D-BB49-A895CC39BC17}"
EndProject
Project("{8BC9CEB8-8B4A-11D0-8D11-00A0C91BC942}") = "var7_tak2", "var7_tak2\var7_tak2.vcxproj", "{6859C05C-ACE8-4C8D-AD1C-B5DD35A8CD7C}"
EndProject
Global
	GlobalSection(SolutionConfigurationPlatforms) = preSolution
		Debug|x64 = Debug|x64
		Debug|x86 = Debug|x86
		Release|x64 = Release|x64
		Release|x86 = Release|x86
	EndGlobalSection
	GlobalSection(ProjectConfigurationPlatforms) = postSolution
		{D6CF90F8-24E7-4871-8850-C6C85BB6011A}.Debug|x64.ActiveCfg = Debug|x64
		{D6CF90F8-24E7-4871-8850-C6C85BB6011A}.Debug|x64.Build.0 = Debug|x64
		{D6CF90F8-24E7-4871-8850-C6C85BB6011A}.Debug|x86.ActiveCfg = Debug|Win32
		{D6CF90F8-24E7-4871-8850-C6C85BB6011A}.Debug|x86.Build.0 = Debug|Win32
		{D6CF90F8-24E7-4871-8850-C6C85BB6011A}.Release|x64.ActiveCfg = Release|x64
		{D6CF90F8-24E7-4871-8850-C6C85BB6011A}.Release|x64.Build.0 = Release|x64
		{D6CF90F8-24E7-4871-8850-C6C85BB6011A}.Release|x86.ActiveCfg = Release|Win32
		{D6CF90F8-24E7-4871-8850-C6C85BB6011A}.Release|x86.Build.0 = Release|Win32
		{3993374C-A94C-420D-BB49-A895CC39BC17}.Debug|x64.ActiveCfg = Debug|x64
		{3993374C-A94C-420D-BB49-A895CC39BC17}.Debug|x64.Build.0 = Debug|x64
		{3993374C-A94C-420D-BB49-A895CC39BC17}.Debug|x86.ActiveCfg = Debug|Win32
		{3993374C-A94C-420D-BB49-A895CC39BC17}.Debug|x86.Build.0 = Debug|Win32
		{3993374C-A94C-420D-BB49-A895CC39BC17}.Release|x64.ActiveCfg = Release|x64
		{3993374C-A94C-420D-BB49-A895CC39BC17}.Release|x64.Build.0 = Release|x64
		{3993374C-A94C-420D-BB49-A895CC39BC17}.Release|x86.ActiveCfg = Release|Win32
		{3993374C-A94C-420D-BB49-A895CC39BC17}.Release|x86.Build.0 = Release|Win32
		{6859C05C-ACE8-4C8D-AD1C-B5DD35A8CD7C}.Debug|x64.ActiveCfg = Debug|x64
		{6859C05C-ACE8-4C8D-AD1C-B5DD35A8CD7C}.Debug|x64.Build.0 = Debug|x64
		{6859C05C-ACE8-4C8D-AD1C-B5DD35A8CD7C}.Debug|x86.ActiveCfg = Debug|Win32
		{6859C05C-ACE8-4C8D-AD1C-B5DD35A8CD7C}.Debug|x86.Build.0 = Debug|Win32
		{6859C05C-ACE8-4C8D-AD1C-B5DD35A8CD7C}.Release|x64.ActiveCfg = Release|x64
		{6859C05C-ACE8-4C8D-AD1C-B5DD35A8CD7C}.Release|x64.Build.0 = Release|x64
		{6859C05C-ACE8-4C8D-AD1C-B5DD35A8CD7C}.Release|x86.ActiveCfg = Release|Win32
		{6859C05C-ACE8-4C8D-AD1C-B5DD35A8CD7C}.Release|x86.Build.0 = Release|Win32
	EndGlobalSection
	GlobalSection(SolutionProperties) = preSolution
		HideSolutionNode = FALSE
	EndGlobalSection
	GlobalSection(ExtensibilityGlobals) = postSolution
		SolutionGuid = {1292A405-2048-479E-872B-F82176B01423}
	EndGlobalSection
EndGlobal
